
Microsoft Visual Studio Solution File, Format Version 12.00
# Visual Studio 15
VisualStudioVersion = 15.0.28010.2048
MinimumVisualStudioVersion = 10.0.40219.1
Project("{FAE04EC0-301F-11D3-BF4B-00C04F79EFBC}") = "ConsultaMedica", "ConsultaMedica\ConsultaMedica.csproj", "{756EBBFC-18E0-43F6-9B81-0C21A9298C8E}"
EndProject
Global
	GlobalSection(SolutionConfigurationPlatforms) = preSolution
		Debug|Any CPU = Debug|Any CPU
		Release|Any CPU = Release|Any CPU
	EndGlobalSection
	GlobalSection(ProjectConfigurationPlatforms) = postSolution
		{756EBBFC-18E0-43F6-9B81-0C21A9298C8E}.Debug|Any CPU.ActiveCfg = Debug|Any CPU
		{756EBBFC-18E0-43F6-9B81-0C21A9298C8E}.Debug|Any CPU.Build.0 = Debug|Any CPU
		{756EBBFC-18E0-43F6-9B81-0C21A9298C8E}.Release|Any CPU.ActiveCfg = Release|Any CPU
		{756EBBFC-18E0-43F6-9B81-0C21A9298C8E}.Release|Any CPU.Build.0 = Release|Any CPU
	EndGlobalSection
	GlobalSection(SolutionProperties) = preSolution
		HideSolutionNode = FALSE
	EndGlobalSection
	GlobalSection(ExtensibilityGlobals) = postSolution
		SolutionGuid = {D23A2640-F8A8-4EE8-B681-4CFF3372159C}
	EndGlobalSection
EndGlobal
